
Microsoft Visual Studio Solution File, Format Version 12.00
# Visual Studio Version 16
VisualStudioVersion = 16.0.30804.86
MinimumVisualStudioVersion = 10.0.40219.1
Project("{FAE04EC0-301F-11D3-BF4B-00C04F79EFBC}") = "ExpressionTree-Workshop", "ExpressionTree-Workshop\ExpressionTree-Workshop.csproj", "{4C5DE72B-797D-4AA8-AD57-54517B8BFDFC}"
EndProject
Global
	GlobalSection(SolutionConfigurationPlatforms) = preSolution
		Debug|Any CPU = Debug|Any CPU
		Release|Any CPU = Release|Any CPU
	EndGlobalSection
	GlobalSection(ProjectConfigurationPlatforms) = postSolution
		{4C5DE72B-797D-4AA8-AD57-54517B8BFDFC}.Debug|Any CPU.ActiveCfg = Debug|Any CPU
		{4C5DE72B-797D-4AA8-AD57-54517B8BFDFC}.Debug|Any CPU.Build.0 = Debug|Any CPU
		{4C5DE72B-797D-4AA8-AD57-54517B8BFDFC}.Release|Any CPU.ActiveCfg = Release|Any CPU
		{4C5DE72B-797D-4AA8-AD57-54517B8BFDFC}.Release|Any CPU.Build.0 = Release|Any CPU
	EndGlobalSection
	GlobalSection(SolutionProperties) = preSolution
		HideSolutionNode = FALSE
	EndGlobalSection
	GlobalSection(ExtensibilityGlobals) = postSolution
		SolutionGuid = {2F4CB939-134A-4945-AEEB-ACB15EF81314}
	EndGlobalSection
EndGlobal
